// !$*UTF8*$!
{
	archiveVersion = 1;
	classes = {
	};
	objectVersion = 56;
	objects = {

/* Begin PBXBuildFile section */
		CEBF23F729F66E1C00716BD2 /* AppDelegate.swift in Sources */ = {isa = PBXBuildFile; fileRef = CEBF23F629F66E1C00716BD2 /* AppDelegate.swift */; };
		CEBF23F929F66E1C00716BD2 /* SceneDelegate.swift in Sources */ = {isa = PBXBuildFile; fileRef = CEBF23F829F66E1C00716BD2 /* SceneDelegate.swift */; };
		CEBF23FB29F66E1C00716BD2 /* AuthViewController.swift in Sources */ = {isa = PBXBuildFile; fileRef = CEBF23FA29F66E1C00716BD2 /* AuthViewController.swift */; };
		CEBF23FE29F66E1C00716BD2 /* Main.storyboard in Resources */ = {isa = PBXBuildFile; fileRef = CEBF23FC29F66E1C00716BD2 /* Main.storyboard */; };
		CEBF240029F66E1D00716BD2 /* Assets.xcassets in Resources */ = {isa = PBXBuildFile; fileRef = CEBF23FF29F66E1D00716BD2 /* Assets.xcassets */; };
		CEBF240329F66E1D00716BD2 /* LaunchScreen.storyboard in Resources */ = {isa = PBXBuildFile; fileRef = CEBF240129F66E1D00716BD2 /* LaunchScreen.storyboard */; };
		CEBF240E29F68AE900716BD2 /* RegistrationViewController.swift in Sources */ = {isa = PBXBuildFile; fileRef = CEBF240D29F68AE900716BD2 /* RegistrationViewController.swift */; };
		CEBF241129F68C7D00716BD2 /* Constans.swift in Sources */ = {isa = PBXBuildFile; fileRef = CEBF241029F68C7D00716BD2 /* Constans.swift */; };
		CEBF241429F68CE300716BD2 /* Extension+UIColor.swift in Sources */ = {isa = PBXBuildFile; fileRef = CEBF241329F68CE300716BD2 /* Extension+UIColor.swift */; };
		CEBF241729F69C7C00716BD2 /* Roboto-Regular.ttf in Resources */ = {isa = PBXBuildFile; fileRef = CEBF241629F69C7C00716BD2 /* Roboto-Regular.ttf */; };
		CEBF241929F69CB900716BD2 /* Roboto-ThinItalic.ttf in Resources */ = {isa = PBXBuildFile; fileRef = CEBF241829F69CB900716BD2 /* Roboto-ThinItalic.ttf */; };
		CEBF241B29F69CC700716BD2 /* Roboto-Italic.ttf in Resources */ = {isa = PBXBuildFile; fileRef = CEBF241A29F69CC700716BD2 /* Roboto-Italic.ttf */; };
/* End PBXBuildFile section */

/* Begin PBXFileReference section */
		CEBF23F329F66E1C00716BD2 /* HomeProject-TBD.app */ = {isa = PBXFileReference; explicitFileType = wrapper.application; includeInIndex = 0; path = "HomeProject-TBD.app"; sourceTree = BUILT_PRODUCTS_DIR; };
		CEBF23F629F66E1C00716BD2 /* AppDelegate.swift */ = {isa = PBXFileReference; lastKnownFileType = sourcecode.swift; path = AppDelegate.swift; sourceTree = "<group>"; };
		CEBF23F829F66E1C00716BD2 /* SceneDelegate.swift */ = {isa = PBXFileReference; lastKnownFileType = sourcecode.swift; path = SceneDelegate.swift; sourceTree = "<group>"; };
		CEBF23FA29F66E1C00716BD2 /* AuthViewController.swift */ = {isa = PBXFileReference; lastKnownFileType = sourcecode.swift; path = AuthViewController.swift; sourceTree = "<group>"; };
		CEBF23FD29F66E1C00716BD2 /* Base */ = {isa = PBXFileReference; lastKnownFileType = file.storyboard; name = Base; path = Base.lproj/Main.storyboard; sourceTree = "<group>"; };
		CEBF23FF29F66E1D00716BD2 /* Assets.xcassets */ = {isa = PBXFileReference; lastKnownFileType = folder.assetcatalog; path = Assets.xcassets; sourceTree = "<group>"; };
		CEBF240229F66E1D00716BD2 /* Base */ = {isa = PBXFileReference; lastKnownFileType = file.storyboard; name = Base; path = Base.lproj/LaunchScreen.storyboard; sourceTree = "<group>"; };
		CEBF240429F66E1D00716BD2 /* Info.plist */ = {isa = PBXFileReference; lastKnownFileType = text.plist.xml; path = Info.plist; sourceTree = "<group>"; };
		CEBF240D29F68AE900716BD2 /* RegistrationViewController.swift */ = {isa = PBXFileReference; lastKnownFileType = sourcecode.swift; path = RegistrationViewController.swift; sourceTree = "<group>"; };
		CEBF241029F68C7D00716BD2 /* Constans.swift */ = {isa = PBXFileReference; lastKnownFileType = sourcecode.swift; path = Constans.swift; sourceTree = "<group>"; };
		CEBF241329F68CE300716BD2 /* Extension+UIColor.swift */ = {isa = PBXFileReference; lastKnownFileType = sourcecode.swift; path = "Extension+UIColor.swift"; sourceTree = "<group>"; };
		CEBF241629F69C7C00716BD2 /* Roboto-Regular.ttf */ = {isa = PBXFileReference; lastKnownFileType = file; name = "Roboto-Regular.ttf"; path = "Font/Roboto/Roboto-Regular.ttf"; sourceTree = SOURCE_ROOT; };
		CEBF241829F69CB900716BD2 /* Roboto-ThinItalic.ttf */ = {isa = PBXFileReference; lastKnownFileType = file; name = "Roboto-ThinItalic.ttf"; path = "Font/Roboto/Roboto-ThinItalic.ttf"; sourceTree = SOURCE_ROOT; };
		CEBF241A29F69CC700716BD2 /* Roboto-Italic.ttf */ = {isa = PBXFileReference; lastKnownFileType = file; name = "Roboto-Italic.ttf"; path = "Font/Roboto/Roboto-Italic.ttf"; sourceTree = SOURCE_ROOT; };
/* End PBXFileReference section */

/* Begin PBXFrameworksBuildPhase section */
		CEBF23F029F66E1C00716BD2 /* Frameworks */ = {
			isa = PBXFrameworksBuildPhase;
			buildActionMask = 2147483647;
			files = (
			);
			runOnlyForDeploymentPostprocessing = 0;
		};
/* End PBXFrameworksBuildPhase section */

/* Begin PBXGroup section */
		CEBF23EA29F66E1C00716BD2 = {
			isa = PBXGroup;
			children = (
				CEBF23F529F66E1C00716BD2 /* HomeProject-TBD */,
				CEBF23F429F66E1C00716BD2 /* Products */,
			);
			sourceTree = "<group>";
		};
		CEBF23F429F66E1C00716BD2 /* Products */ = {
			isa = PBXGroup;
			children = (
				CEBF23F329F66E1C00716BD2 /* HomeProject-TBD.app */,
			);
			name = Products;
			sourceTree = "<group>";
		};
		CEBF23F529F66E1C00716BD2 /* HomeProject-TBD */ = {
			isa = PBXGroup;
			children = (
				CEBF240A29F6776900716BD2 /* Application */,
				CEBF240C29F6784700716BD2 /* AuthModule */,
				CEBF240F29F68BC000716BD2 /* RegistrationModule */,
				CEBF240B29F677AE00716BD2 /* Resources */,
				CEBF240429F66E1D00716BD2 /* Info.plist */,
			);
			path = "HomeProject-TBD";
			sourceTree = "<group>";
		};
		CEBF240A29F6776900716BD2 /* Application */ = {
			isa = PBXGroup;
			children = (
				CEBF23F629F66E1C00716BD2 /* AppDelegate.swift */,
				CEBF23F829F66E1C00716BD2 /* SceneDelegate.swift */,
			);
			path = Application;
			sourceTree = "<group>";
		};
		CEBF240B29F677AE00716BD2 /* Resources */ = {
			isa = PBXGroup;
			children = (
				CEBF241229F68C8600716BD2 /* Helpers */,
				CEBF241529F68CE500716BD2 /* Extension */,
				CEBF23FC29F66E1C00716BD2 /* Main.storyboard */,
				CEBF23FF29F66E1D00716BD2 /* Assets.xcassets */,
				CEBF240129F66E1D00716BD2 /* LaunchScreen.storyboard */,
			);
			path = Resources;
			sourceTree = "<group>";
		};
		CEBF240C29F6784700716BD2 /* AuthModule */ = {
			isa = PBXGroup;
			children = (
				CEBF23FA29F66E1C00716BD2 /* AuthViewController.swift */,
			);
			path = AuthModule;
			sourceTree = "<group>";
		};
		CEBF240F29F68BC000716BD2 /* RegistrationModule */ = {
			isa = PBXGroup;
			children = (
				CEBF240D29F68AE900716BD2 /* RegistrationViewController.swift */,
			);
			path = RegistrationModule;
			sourceTree = "<group>";
		};
		CEBF241229F68C8600716BD2 /* Helpers */ = {
			isa = PBXGroup;
			children = (
				CEBF241029F68C7D00716BD2 /* Constans.swift */,
				CEBF241629F69C7C00716BD2 /* Roboto-Regular.ttf */,
				CEBF241829F69CB900716BD2 /* Roboto-ThinItalic.ttf */,
				CEBF241A29F69CC700716BD2 /* Roboto-Italic.ttf */,
			);
			path = Helpers;
			sourceTree = "<group>";
		};
		CEBF241529F68CE500716BD2 /* Extension */ = {
			isa = PBXGroup;
			children = (
				CEBF241329F68CE300716BD2 /* Extension+UIColor.swift */,
			);
			path = Extension;
			sourceTree = "<group>";
		};
/* End PBXGroup section */

/* Begin PBXNativeTarget section */
		CEBF23F229F66E1C00716BD2 /* HomeProject-TBD */ = {
			isa = PBXNativeTarget;
			buildConfigurationList = CEBF240729F66E1D00716BD2 /* Build configuration list for PBXNativeTarget "HomeProject-TBD" */;
			buildPhases = (
				CEBF23EF29F66E1C00716BD2 /* Sources */,
				CEBF23F029F66E1C00716BD2 /* Frameworks */,
				CEBF23F129F66E1C00716BD2 /* Resources */,
			);
			buildRules = (
			);
			dependencies = (
			);
			name = "HomeProject-TBD";
			productName = "HomeProject-TBD";
			productReference = CEBF23F329F66E1C00716BD2 /* HomeProject-TBD.app */;
			productType = "com.apple.product-type.application";
		};
/* End PBXNativeTarget section */

/* Begin PBXProject section */
		CEBF23EB29F66E1C00716BD2 /* Project object */ = {
			isa = PBXProject;
			attributes = {
				BuildIndependentTargetsInParallel = 1;
				LastSwiftUpdateCheck = 1430;
				LastUpgradeCheck = 1430;
				TargetAttributes = {
					CEBF23F229F66E1C00716BD2 = {
						CreatedOnToolsVersion = 14.3;
					};
				};
			};
			buildConfigurationList = CEBF23EE29F66E1C00716BD2 /* Build configuration list for PBXProject "HomeProject-TBD" */;
			compatibilityVersion = "Xcode 14.0";
			developmentRegion = en;
			hasScannedForEncodings = 0;
			knownRegions = (
				en,
				Base,
			);
			mainGroup = CEBF23EA29F66E1C00716BD2;
			productRefGroup = CEBF23F429F66E1C00716BD2 /* Products */;
			projectDirPath = "";
			projectRoot = "";
			targets = (
				CEBF23F229F66E1C00716BD2 /* HomeProject-TBD */,
			);
		};
/* End PBXProject section */

/* Begin PBXResourcesBuildPhase section */
		CEBF23F129F66E1C00716BD2 /* Resources */ = {
			isa = PBXResourcesBuildPhase;
			buildActionMask = 2147483647;
			files = (
				CEBF241929F69CB900716BD2 /* Roboto-ThinItalic.ttf in Resources */,
				CEBF241B29F69CC700716BD2 /* Roboto-Italic.ttf in Resources */,
				CEBF240329F66E1D00716BD2 /* LaunchScreen.storyboard in Resources */,
				CEBF240029F66E1D00716BD2 /* Assets.xcassets in Resources */,
				CEBF241729F69C7C00716BD2 /* Roboto-Regular.ttf in Resources */,
				CEBF23FE29F66E1C00716BD2 /* Main.storyboard in Resources */,
			);
			runOnlyForDeploymentPostprocessing = 0;
		};
/* End PBXResourcesBuildPhase section */

/* Begin PBXSourcesBuildPhase section */
		CEBF23EF29F66E1C00716BD2 /* Sources */ = {
			isa = PBXSourcesBuildPhase;
			buildActionMask = 2147483647;
			files = (
				CEBF240E29F68AE900716BD2 /* RegistrationViewController.swift in Sources */,
				CEBF23FB29F66E1C00716BD2 /* AuthViewController.swift in Sources */,
				CEBF241129F68C7D00716BD2 /* Constans.swift in Sources */,
				CEBF23F729F66E1C00716BD2 /* AppDelegate.swift in Sources */,
				CEBF23F929F66E1C00716BD2 /* SceneDelegate.swift in Sources */,
				CEBF241429F68CE300716BD2 /* Extension+UIColor.swift in Sources */,
			);
			runOnlyForDeploymentPostprocessing = 0;
		};
/* End PBXSourcesBuildPhase section */

/* Begin PBXVariantGroup section */
		CEBF23FC29F66E1C00716BD2 /* Main.storyboard */ = {
			isa = PBXVariantGroup;
			children = (
				CEBF23FD29F66E1C00716BD2 /* Base */,
			);
			name = Main.storyboard;
			sourceTree = "<group>";
		};
		CEBF240129F66E1D00716BD2 /* LaunchScreen.storyboard */ = {
			isa = PBXVariantGroup;
			children = (
				CEBF240229F66E1D00716BD2 /* Base */,
			);
			name = LaunchScreen.storyboard;
			sourceTree = "<group>";
		};
/* End PBXVariantGroup section */

/* Begin XCBuildConfiguration section */
		CEBF240529F66E1D00716BD2 /* Debug */ = {
			isa = XCBuildConfiguration;
			buildSettings = {
				ALWAYS_SEARCH_USER_PATHS = NO;
				CLANG_ANALYZER_NONNULL = YES;
				CLANG_ANALYZER_NUMBER_OBJECT_CONVERSION = YES_AGGRESSIVE;
				CLANG_CXX_LANGUAGE_STANDARD = "gnu++20";
				CLANG_ENABLE_MODULES = YES;
				CLANG_ENABLE_OBJC_ARC = YES;
				CLANG_ENABLE_OBJC_WEAK = YES;
				CLANG_WARN_BLOCK_CAPTURE_AUTORELEASING = YES;
				CLANG_WARN_BOOL_CONVERSION = YES;
				CLANG_WARN_COMMA = YES;
				CLANG_WARN_CONSTANT_CONVERSION = YES;
				CLANG_WARN_DEPRECATED_OBJC_IMPLEMENTATIONS = YES;
				CLANG_WARN_DIRECT_OBJC_ISA_USAGE = YES_ERROR;
				CLANG_WARN_DOCUMENTATION_COMMENTS = YES;
				CLANG_WARN_EMPTY_BODY = YES;
				CLANG_WARN_ENUM_CONVERSION = YES;
				CLANG_WARN_INFINITE_RECURSION = YES;
				CLANG_WARN_INT_CONVERSION = YES;
				CLANG_WARN_NON_LITERAL_NULL_CONVERSION = YES;
				CLANG_WARN_OBJC_IMPLICIT_RETAIN_SELF = YES;
				CLANG_WARN_OBJC_LITERAL_CONVERSION = YES;
				CLANG_WARN_OBJC_ROOT_CLASS = YES_ERROR;
				CLANG_WARN_QUOTED_INCLUDE_IN_FRAMEWORK_HEADER = YES;
				CLANG_WARN_RANGE_LOOP_ANALYSIS = YES;
				CLANG_WARN_STRICT_PROTOTYPES = YES;
				CLANG_WARN_SUSPICIOUS_MOVE = YES;
				CLANG_WARN_UNGUARDED_AVAILABILITY = YES_AGGRESSIVE;
				CLANG_WARN_UNREACHABLE_CODE = YES;
				CLANG_WARN__DUPLICATE_METHOD_MATCH = YES;
				COPY_PHASE_STRIP = NO;
				DEBUG_INFORMATION_FORMAT = dwarf;
				ENABLE_STRICT_OBJC_MSGSEND = YES;
				ENABLE_TESTABILITY = YES;
				GCC_C_LANGUAGE_STANDARD = gnu11;
				GCC_DYNAMIC_NO_PIC = NO;
				GCC_NO_COMMON_BLOCKS = YES;
				GCC_OPTIMIZATION_LEVEL = 0;
				GCC_PREPROCESSOR_DEFINITIONS = (
					"DEBUG=1",
					"$(inherited)",
				);
				GCC_WARN_64_TO_32_BIT_CONVERSION = YES;
				GCC_WARN_ABOUT_RETURN_TYPE = YES_ERROR;
				GCC_WARN_UNDECLARED_SELECTOR = YES;
				GCC_WARN_UNINITIALIZED_AUTOS = YES_AGGRESSIVE;
				GCC_WARN_UNUSED_FUNCTION = YES;
				GCC_WARN_UNUSED_VARIABLE = YES;
				IPHONEOS_DEPLOYMENT_TARGET = 16.4;
				MTL_ENABLE_DEBUG_INFO = INCLUDE_SOURCE;
				MTL_FAST_MATH = YES;
				ONLY_ACTIVE_ARCH = YES;
				SDKROOT = iphoneos;
				SWIFT_ACTIVE_COMPILATION_CONDITIONS = DEBUG;
				SWIFT_OPTIMIZATION_LEVEL = "-Onone";
			};
			name = Debug;
		};
		CEBF240629F66E1D00716BD2 /* Release */ = {
			isa = XCBuildConfiguration;
			buildSettings = {
				ALWAYS_SEARCH_USER_PATHS = NO;
				CLANG_ANALYZER_NONNULL = YES;
				CLANG_ANALYZER_NUMBER_OBJECT_CONVERSION = YES_AGGRESSIVE;
				CLANG_CXX_LANGUAGE_STANDARD = "gnu++20";
				CLANG_ENABLE_MODULES = YES;
				CLANG_ENABLE_OBJC_ARC = YES;
				CLANG_ENABLE_OBJC_WEAK = YES;
				CLANG_WARN_BLOCK_CAPTURE_AUTORELEASING = YES;
				CLANG_WARN_BOOL_CONVERSION = YES;
				CLANG_WARN_COMMA = YES;
				CLANG_WARN_CONSTANT_CONVERSION = YES;
				CLANG_WARN_DEPRECATED_OBJC_IMPLEMENTATIONS = YES;
				CLANG_WARN_DIRECT_OBJC_ISA_USAGE = YES_ERROR;
				CLANG_WARN_DOCUMENTATION_COMMENTS = YES;
				CLANG_WARN_EMPTY_BODY = YES;
				CLANG_WARN_ENUM_CONVERSION = YES;
				CLANG_WARN_INFINITE_RECURSION = YES;
				CLANG_WARN_INT_CONVERSION = YES;
				CLANG_WARN_NON_LITERAL_NULL_CONVERSION = YES;
				CLANG_WARN_OBJC_IMPLICIT_RETAIN_SELF = YES;
				CLANG_WARN_OBJC_LITERAL_CONVERSION = YES;
				CLANG_WARN_OBJC_ROOT_CLASS = YES_ERROR;
				CLANG_WARN_QUOTED_INCLUDE_IN_FRAMEWORK_HEADER = YES;
				CLANG_WARN_RANGE_LOOP_ANALYSIS = YES;
				CLANG_WARN_STRICT_PROTOTYPES = YES;
				CLANG_WARN_SUSPICIOUS_MOVE = YES;
				CLANG_WARN_UNGUARDED_AVAILABILITY = YES_AGGRESSIVE;
				CLANG_WARN_UNREACHABLE_CODE = YES;
				CLANG_WARN__DUPLICATE_METHOD_MATCH = YES;
				COPY_PHASE_STRIP = NO;
				DEBUG_INFORMATION_FORMAT = "dwarf-with-dsym";
				ENABLE_NS_ASSERTIONS = NO;
				ENABLE_STRICT_OBJC_MSGSEND = YES;
				GCC_C_LANGUAGE_STANDARD = gnu11;
				GCC_NO_COMMON_BLOCKS = YES;
				GCC_WARN_64_TO_32_BIT_CONVERSION = YES;
				GCC_WARN_ABOUT_RETURN_TYPE = YES_ERROR;
				GCC_WARN_UNDECLARED_SELECTOR = YES;
				GCC_WARN_UNINITIALIZED_AUTOS = YES_AGGRESSIVE;
				GCC_WARN_UNUSED_FUNCTION = YES;
				GCC_WARN_UNUSED_VARIABLE = YES;
				IPHONEOS_DEPLOYMENT_TARGET = 16.4;
				MTL_ENABLE_DEBUG_INFO = NO;
				MTL_FAST_MATH = YES;
				SDKROOT = iphoneos;
				SWIFT_COMPILATION_MODE = wholemodule;
				SWIFT_OPTIMIZATION_LEVEL = "-O";
				VALIDATE_PRODUCT = YES;
			};
			name = Release;
		};
		CEBF240829F66E1D00716BD2 /* Debug */ = {
			isa = XCBuildConfiguration;
			buildSettings = {
				ASSETCATALOG_COMPILER_APPICON_NAME = AppIcon;
				ASSETCATALOG_COMPILER_GLOBAL_ACCENT_COLOR_NAME = AccentColor;
				CODE_SIGN_STYLE = Automatic;
				CURRENT_PROJECT_VERSION = 1;
				DEVELOPMENT_TEAM = W86XN43F29;
				GENERATE_INFOPLIST_FILE = YES;
				INFOPLIST_FILE = "HomeProject-TBD/Info.plist";
				INFOPLIST_KEY_UIApplicationSupportsIndirectInputEvents = YES;
				INFOPLIST_KEY_UILaunchStoryboardName = LaunchScreen;
				INFOPLIST_KEY_UIMainStoryboardFile = Main;
				INFOPLIST_KEY_UISupportedInterfaceOrientations = "UIInterfaceOrientationLandscapeLeft UIInterfaceOrientationLandscapeRight UIInterfaceOrientationPortrait";
				INFOPLIST_KEY_UISupportedInterfaceOrientations_iPad = "UIInterfaceOrientationLandscapeLeft UIInterfaceOrientationLandscapeRight";
				LD_RUNPATH_SEARCH_PATHS = (
					"$(inherited)",
					"@executable_path/Frameworks",
				);
				MARKETING_VERSION = 1.0;
				PRODUCT_BUNDLE_IDENTIFIER = "BedBag.HomeProject-TBD";
				PRODUCT_NAME = "$(TARGET_NAME)";
				SWIFT_EMIT_LOC_STRINGS = YES;
				SWIFT_VERSION = 5.0;
				TARGETED_DEVICE_FAMILY = "1,2";
			};
			name = Debug;
		};
		CEBF240929F66E1D00716BD2 /* Release */ = {
			isa = XCBuildConfiguration;
			buildSettings = {
				ASSETCATALOG_COMPILER_APPICON_NAME = AppIcon;
				ASSETCATALOG_COMPILER_GLOBAL_ACCENT_COLOR_NAME = AccentColor;
				CODE_SIGN_STYLE = Automatic;
				CURRENT_PROJECT_VERSION = 1;
				DEVELOPMENT_TEAM = W86XN43F29;
				GENERATE_INFOPLIST_FILE = YES;
				INFOPLIST_FILE = "HomeProject-TBD/Info.plist";
				INFOPLIST_KEY_UIApplicationSupportsIndirectInputEvents = YES;
				INFOPLIST_KEY_UILaunchStoryboardName = LaunchScreen;
				INFOPLIST_KEY_UIMainStoryboardFile = Main;
				INFOPLIST_KEY_UISupportedInterfaceOrientations = "UIInterfaceOrientationLandscapeLeft UIInterfaceOrientationLandscapeRight UIInterfaceOrientationPortrait";
				INFOPLIST_KEY_UISupportedInterfaceOrientations_iPad = "UIInterfaceOrientationLandscapeLeft UIInterfaceOrientationLandscapeRight";
				LD_RUNPATH_SEARCH_PATHS = (
					"$(inherited)",
					"@executable_path/Frameworks",
				);
				MARKETING_VERSION = 1.0;
				PRODUCT_BUNDLE_IDENTIFIER = "BedBag.HomeProject-TBD";
				PRODUCT_NAME = "$(TARGET_NAME)";
				SWIFT_EMIT_LOC_STRINGS = YES;
				SWIFT_VERSION = 5.0;
				TARGETED_DEVICE_FAMILY = "1,2";
			};
			name = Release;
		};
/* End XCBuildConfiguration section */

/* Begin XCConfigurationList section */
		CEBF23EE29F66E1C00716BD2 /* Build configuration list for PBXProject "HomeProject-TBD" */ = {
			isa = XCConfigurationList;
			buildConfigurations = (
				CEBF240529F66E1D00716BD2 /* Debug */,
				CEBF240629F66E1D00716BD2 /* Release */,
			);
			defaultConfigurationIsVisible = 0;
			defaultConfigurationName = Release;
		};
		CEBF240729F66E1D00716BD2 /* Build configuration list for PBXNativeTarget "HomeProject-TBD" */ = {
			isa = XCConfigurationList;
			buildConfigurations = (
				CEBF240829F66E1D00716BD2 /* Debug */,
				CEBF240929F66E1D00716BD2 /* Release */,
			);
			defaultConfigurationIsVisible = 0;
			defaultConfigurationName = Release;
		};
/* End XCConfigurationList section */
	};
	rootObject = CEBF23EB29F66E1C00716BD2 /* Project object */;
}
